// !$*UTF8*$!
{
	archiveVersion = 1;
	classes = {
	};
	objectVersion = 56;
	objects = {

/* Begin PBXBuildFile section */
		3F0DCE4029F78D7A00C47FC6 /* MonthViewController.swift in Sources */ = {isa = PBXBuildFile; fileRef = 3F0DCE3E29F78D7A00C47FC6 /* MonthViewController.swift */; };
		3F0DCE4129F78D7A00C47FC6 /* MonthViewController.xib in Resources */ = {isa = PBXBuildFile; fileRef = 3F0DCE3F29F78D7A00C47FC6 /* MonthViewController.xib */; };
		3F0E3CB129F0E880009BF311 /* SheetViewController.swift in Sources */ = {isa = PBXBuildFile; fileRef = 3F0E3CAF29F0E880009BF311 /* SheetViewController.swift */; };
		3F0E3CB229F0E880009BF311 /* SheetViewController.xib in Resources */ = {isa = PBXBuildFile; fileRef = 3F0E3CB029F0E880009BF311 /* SheetViewController.xib */; };
		3F0E3CB529F0EC29009BF311 /* CategoryCollectionViewCell.swift in Sources */ = {isa = PBXBuildFile; fileRef = 3F0E3CB329F0EC29009BF311 /* CategoryCollectionViewCell.swift */; };
		3F0E3CB629F0EC29009BF311 /* CategoryCollectionViewCell.xib in Resources */ = {isa = PBXBuildFile; fileRef = 3F0E3CB429F0EC29009BF311 /* CategoryCollectionViewCell.xib */; };
		3F0E3CB829F0EF39009BF311 /* Category.swift in Sources */ = {isa = PBXBuildFile; fileRef = 3F0E3CB729F0EF39009BF311 /* Category.swift */; };
		3F15B78929FA5B0000616FB5 /* HomeViewModel.swift in Sources */ = {isa = PBXBuildFile; fileRef = 3F15B78829FA5B0000616FB5 /* HomeViewModel.swift */; };
		3F15B78F29FA6E6000616FB5 /* AddNewCategoryViewModel.swift in Sources */ = {isa = PBXBuildFile; fileRef = 3F15B78E29FA6E6000616FB5 /* AddNewCategoryViewModel.swift */; };
		3F15B79229FA74BF00616FB5 /* AddNewViewModel.swift in Sources */ = {isa = PBXBuildFile; fileRef = 3F15B79129FA74BF00616FB5 /* AddNewViewModel.swift */; };
		3F15B79529FA789400616FB5 /* SheetViewModel.swift in Sources */ = {isa = PBXBuildFile; fileRef = 3F15B79429FA789400616FB5 /* SheetViewModel.swift */; };
		3F15B79829FA7C6B00616FB5 /* CategorySheetViewModel.swift in Sources */ = {isa = PBXBuildFile; fileRef = 3F15B79729FA7C6B00616FB5 /* CategorySheetViewModel.swift */; };
		3F16DE1329F0DC1500AE7C83 /* AddNewViewController.swift in Sources */ = {isa = PBXBuildFile; fileRef = 3F16DE1129F0DC1500AE7C83 /* AddNewViewController.swift */; };
		3F16DE1429F0DC1500AE7C83 /* AddNewViewController.xib in Resources */ = {isa = PBXBuildFile; fileRef = 3F16DE1229F0DC1500AE7C83 /* AddNewViewController.xib */; };
		3F1D5BD729F65E5600618D7A /* OrderedCollections in Frameworks */ = {isa = PBXBuildFile; productRef = 3F1D5BD629F65E5600618D7A /* OrderedCollections */; };
		3F3064CD29ECE6C100EF5485 /* UIViewExtension.swift in Sources */ = {isa = PBXBuildFile; fileRef = 3F3064CC29ECE6C100EF5485 /* UIViewExtension.swift */; };
		3F34672C2A0891DB005DA94F /* Icon.swift in Sources */ = {isa = PBXBuildFile; fileRef = 3F34672B2A0891DB005DA94F /* Icon.swift */; };
		3F3B5E702A15D741003C1AF9 /* RealmDatabase.swift in Sources */ = {isa = PBXBuildFile; fileRef = 3F3B5E6F2A15D741003C1AF9 /* RealmDatabase.swift */; };
		3F3B5E752A1713E9003C1AF9 /* ManageCategoriesViewController.swift in Sources */ = {isa = PBXBuildFile; fileRef = 3F3B5E742A1713E8003C1AF9 /* ManageCategoriesViewController.swift */; };
		3F3B5E782A171630003C1AF9 /* ManageCategoriesViewModel.swift in Sources */ = {isa = PBXBuildFile; fileRef = 3F3B5E772A171630003C1AF9 /* ManageCategoriesViewModel.swift */; };
		3F3B5E7A2A171F03003C1AF9 /* ManageCategoriesTableViewCell.swift in Sources */ = {isa = PBXBuildFile; fileRef = 3F3B5E792A171F03003C1AF9 /* ManageCategoriesTableViewCell.swift */; };
		3F3FDB4529FA83CA0052BE93 /* ButtonCollectionViewCell.xib in Resources */ = {isa = PBXBuildFile; fileRef = 3F3FDB4429FA83CA0052BE93 /* ButtonCollectionViewCell.xib */; };
		3F3FDB4829FA84120052BE93 /* ReportViewModel.swift in Sources */ = {isa = PBXBuildFile; fileRef = 3F3FDB4729FA84120052BE93 /* ReportViewModel.swift */; };
		3F438C2B29F7A8E9002BE0B5 /* ButtonCollectionViewCell.swift in Sources */ = {isa = PBXBuildFile; fileRef = 3F438C2929F7A8E9002BE0B5 /* ButtonCollectionViewCell.swift */; };
		3F438C2E29F7B669002BE0B5 /* Month.swift in Sources */ = {isa = PBXBuildFile; fileRef = 3F438C2D29F7B669002BE0B5 /* Month.swift */; };
		3F438C3029F7BA98002BE0B5 /* DateExtension.swift in Sources */ = {isa = PBXBuildFile; fileRef = 3F438C2F29F7BA98002BE0B5 /* DateExtension.swift */; };
		3F64B3B429F23E190008A4D9 /* TabBarViewController.swift in Sources */ = {isa = PBXBuildFile; fileRef = 3F64B3B329F23E180008A4D9 /* TabBarViewController.swift */; };
		3F770BFB29F68220009FDA26 /* CategorySheetViewController.swift in Sources */ = {isa = PBXBuildFile; fileRef = 3F770BF929F68220009FDA26 /* CategorySheetViewController.swift */; };
		3F770BFC29F68220009FDA26 /* CategorySheetViewController.xib in Resources */ = {isa = PBXBuildFile; fileRef = 3F770BFA29F68220009FDA26 /* CategorySheetViewController.xib */; };
		3FA9E64529E9346E00D8D7C1 /* AppDelegate.swift in Sources */ = {isa = PBXBuildFile; fileRef = 3FA9E64429E9346E00D8D7C1 /* AppDelegate.swift */; };
		3FA9E64729E9346E00D8D7C1 /* SceneDelegate.swift in Sources */ = {isa = PBXBuildFile; fileRef = 3FA9E64629E9346E00D8D7C1 /* SceneDelegate.swift */; };
		3FA9E64929E9346E00D8D7C1 /* ViewController.swift in Sources */ = {isa = PBXBuildFile; fileRef = 3FA9E64829E9346E00D8D7C1 /* ViewController.swift */; };
		3FA9E64C29E9346E00D8D7C1 /* Main.storyboard in Resources */ = {isa = PBXBuildFile; fileRef = 3FA9E64A29E9346E00D8D7C1 /* Main.storyboard */; };
		3FA9E64F29E9346E00D8D7C1 /* Kitty.xcdatamodeld in Sources */ = {isa = PBXBuildFile; fileRef = 3FA9E64D29E9346E00D8D7C1 /* Kitty.xcdatamodeld */; };
		3FA9E65129E9347200D8D7C1 /* Assets.xcassets in Resources */ = {isa = PBXBuildFile; fileRef = 3FA9E65029E9347200D8D7C1 /* Assets.xcassets */; };
		3FA9E65429E9347200D8D7C1 /* LaunchScreen.storyboard in Resources */ = {isa = PBXBuildFile; fileRef = 3FA9E65229E9347200D8D7C1 /* LaunchScreen.storyboard */; };
		3FA9E65C29E93F6200D8D7C1 /* HomeViewController.swift in Sources */ = {isa = PBXBuildFile; fileRef = 3FA9E65B29E93F6100D8D7C1 /* HomeViewController.swift */; };
		3FB6CCDC29F6705000C3CBE2 /* AddNewCategoryViewController.swift in Sources */ = {isa = PBXBuildFile; fileRef = 3FB6CCDA29F6705000C3CBE2 /* AddNewCategoryViewController.swift */; };
		3FB6CCDD29F6705000C3CBE2 /* AddNewCategoryViewController.xib in Resources */ = {isa = PBXBuildFile; fileRef = 3FB6CCDB29F6705000C3CBE2 /* AddNewCategoryViewController.xib */; };
		3FE3848129F62BF4007884A8 /* SettingsViewController.swift in Sources */ = {isa = PBXBuildFile; fileRef = 3FE3848029F62BF4007884A8 /* SettingsViewController.swift */; };
		3FE8694A2A121C9A00744473 /* GoogleSignIn in Frameworks */ = {isa = PBXBuildFile; productRef = 3FE869492A121C9A00744473 /* GoogleSignIn */; };
		3FE8694C2A121C9A00744473 /* GoogleSignInSwift in Frameworks */ = {isa = PBXBuildFile; productRef = 3FE8694B2A121C9A00744473 /* GoogleSignInSwift */; };
		3FE8694E2A121CF600744473 /* GoogleService-Info.plist in Resources */ = {isa = PBXBuildFile; fileRef = 3FE8694D2A121CF600744473 /* GoogleService-Info.plist */; };
		3FE869512A121DC800744473 /* FirebaseAuth in Frameworks */ = {isa = PBXBuildFile; productRef = 3FE869502A121DC800744473 /* FirebaseAuth */; };
		3FE869532A121DC800744473 /* FirebaseAuthCombine-Community in Frameworks */ = {isa = PBXBuildFile; productRef = 3FE869522A121DC800744473 /* FirebaseAuthCombine-Community */; };
		3FE869552A121DC800744473 /* FirebaseDatabase in Frameworks */ = {isa = PBXBuildFile; productRef = 3FE869542A121DC800744473 /* FirebaseDatabase */; };
		3FE869572A121DC800744473 /* FirebaseDatabaseSwift in Frameworks */ = {isa = PBXBuildFile; productRef = 3FE869562A121DC800744473 /* FirebaseDatabaseSwift */; };
		3FE869592A121DC800744473 /* FirebaseFirestore in Frameworks */ = {isa = PBXBuildFile; productRef = 3FE869582A121DC800744473 /* FirebaseFirestore */; };
		3FE8695B2A121DC800744473 /* FirebaseFirestoreSwift in Frameworks */ = {isa = PBXBuildFile; productRef = 3FE8695A2A121DC800744473 /* FirebaseFirestoreSwift */; };
		3FEFBAA229ECF4B50085641B /* CardTableViewCell.swift in Sources */ = {isa = PBXBuildFile; fileRef = 3FEFBAA029ECF4B50085641B /* CardTableViewCell.swift */; };
		3FEFBAA329ECF4B50085641B /* CardTableViewCell.xib in Resources */ = {isa = PBXBuildFile; fileRef = 3FEFBAA129ECF4B50085641B /* CardTableViewCell.xib */; };
		3FEFBAA629ECF6210085641B /* ItemCollectionViewCell.swift in Sources */ = {isa = PBXBuildFile; fileRef = 3FEFBAA429ECF6210085641B /* ItemCollectionViewCell.swift */; };
		3FEFBAA729ECF6210085641B /* ItemCollectionViewCell.xib in Resources */ = {isa = PBXBuildFile; fileRef = 3FEFBAA529ECF6210085641B /* ItemCollectionViewCell.xib */; };
		3FEFBAA929ECF8040085641B /* Item.swift in Sources */ = {isa = PBXBuildFile; fileRef = 3FEFBAA829ECF8040085641B /* Item.swift */; };
		3FEFBAAB29ECFBE40085641B /* History.swift in Sources */ = {isa = PBXBuildFile; fileRef = 3FEFBAAA29ECFBE40085641B /* History.swift */; };
		3FEFBAAE29ECFD410085641B /* MainViewModel.swift in Sources */ = {isa = PBXBuildFile; fileRef = 3FEFBAAD29ECFD410085641B /* MainViewModel.swift */; };
		3FF9E16C29F11CBE00FFDDE9 /* ReportViewController.swift in Sources */ = {isa = PBXBuildFile; fileRef = 3FF9E16B29F11CBE00FFDDE9 /* ReportViewController.swift */; };
		81F3DE7A7E4BF91F6F29295D /* Pods_Kitty.framework in Frameworks */ = {isa = PBXBuildFile; fileRef = 932AB51646B8E5E529DBB01E /* Pods_Kitty.framework */; };
/* End PBXBuildFile section */

/* Begin PBXFileReference section */
		3F0DCE3E29F78D7A00C47FC6 /* MonthViewController.swift */ = {isa = PBXFileReference; lastKnownFileType = sourcecode.swift; path = MonthViewController.swift; sourceTree = "<group>"; };
		3F0DCE3F29F78D7A00C47FC6 /* MonthViewController.xib */ = {isa = PBXFileReference; lastKnownFileType = file.xib; path = MonthViewController.xib; sourceTree = "<group>"; };
		3F0E3CAF29F0E880009BF311 /* SheetViewController.swift */ = {isa = PBXFileReference; lastKnownFileType = sourcecode.swift; path = SheetViewController.swift; sourceTree = "<group>"; };
		3F0E3CB029F0E880009BF311 /* SheetViewController.xib */ = {isa = PBXFileReference; lastKnownFileType = file.xib; path = SheetViewController.xib; sourceTree = "<group>"; };
		3F0E3CB329F0EC29009BF311 /* CategoryCollectionViewCell.swift */ = {isa = PBXFileReference; lastKnownFileType = sourcecode.swift; path = CategoryCollectionViewCell.swift; sourceTree = "<group>"; };
		3F0E3CB429F0EC29009BF311 /* CategoryCollectionViewCell.xib */ = {isa = PBXFileReference; lastKnownFileType = file.xib; path = CategoryCollectionViewCell.xib; sourceTree = "<group>"; };
		3F0E3CB729F0EF39009BF311 /* Category.swift */ = {isa = PBXFileReference; lastKnownFileType = sourcecode.swift; path = Category.swift; sourceTree = "<group>"; };
		3F15B78829FA5B0000616FB5 /* HomeViewModel.swift */ = {isa = PBXFileReference; lastKnownFileType = sourcecode.swift; path = HomeViewModel.swift; sourceTree = "<group>"; };
		3F15B78E29FA6E6000616FB5 /* AddNewCategoryViewModel.swift */ = {isa = PBXFileReference; lastKnownFileType = sourcecode.swift; path = AddNewCategoryViewModel.swift; sourceTree = "<group>"; };
		3F15B79129FA74BF00616FB5 /* AddNewViewModel.swift */ = {isa = PBXFileReference; lastKnownFileType = sourcecode.swift; path = AddNewViewModel.swift; sourceTree = "<group>"; };
		3F15B79429FA789400616FB5 /* SheetViewModel.swift */ = {isa = PBXFileReference; lastKnownFileType = sourcecode.swift; path = SheetViewModel.swift; sourceTree = "<group>"; };
		3F15B79729FA7C6B00616FB5 /* CategorySheetViewModel.swift */ = {isa = PBXFileReference; lastKnownFileType = sourcecode.swift; path = CategorySheetViewModel.swift; sourceTree = "<group>"; };
		3F16DE1129F0DC1500AE7C83 /* AddNewViewController.swift */ = {isa = PBXFileReference; lastKnownFileType = sourcecode.swift; path = AddNewViewController.swift; sourceTree = "<group>"; };
		3F16DE1229F0DC1500AE7C83 /* AddNewViewController.xib */ = {isa = PBXFileReference; lastKnownFileType = file.xib; path = AddNewViewController.xib; sourceTree = "<group>"; };
		3F3064CC29ECE6C100EF5485 /* UIViewExtension.swift */ = {isa = PBXFileReference; lastKnownFileType = sourcecode.swift; path = UIViewExtension.swift; sourceTree = "<group>"; };
		3F34672B2A0891DB005DA94F /* Icon.swift */ = {isa = PBXFileReference; lastKnownFileType = sourcecode.swift; path = Icon.swift; sourceTree = "<group>"; };
		3F3B5E6F2A15D741003C1AF9 /* RealmDatabase.swift */ = {isa = PBXFileReference; lastKnownFileType = sourcecode.swift; path = RealmDatabase.swift; sourceTree = "<group>"; };
		3F3B5E742A1713E8003C1AF9 /* ManageCategoriesViewController.swift */ = {isa = PBXFileReference; lastKnownFileType = sourcecode.swift; path = ManageCategoriesViewController.swift; sourceTree = "<group>"; };
		3F3B5E772A171630003C1AF9 /* ManageCategoriesViewModel.swift */ = {isa = PBXFileReference; lastKnownFileType = sourcecode.swift; path = ManageCategoriesViewModel.swift; sourceTree = "<group>"; };
		3F3B5E792A171F03003C1AF9 /* ManageCategoriesTableViewCell.swift */ = {isa = PBXFileReference; lastKnownFileType = sourcecode.swift; path = ManageCategoriesTableViewCell.swift; sourceTree = "<group>"; };
		3F3FDB4429FA83CA0052BE93 /* ButtonCollectionViewCell.xib */ = {isa = PBXFileReference; fileEncoding = 4; lastKnownFileType = file.xib; path = ButtonCollectionViewCell.xib; sourceTree = "<group>"; };
		3F3FDB4729FA84120052BE93 /* ReportViewModel.swift */ = {isa = PBXFileReference; lastKnownFileType = sourcecode.swift; path = ReportViewModel.swift; sourceTree = "<group>"; };
		3F438C2929F7A8E9002BE0B5 /* ButtonCollectionViewCell.swift */ = {isa = PBXFileReference; lastKnownFileType = sourcecode.swift; path = ButtonCollectionViewCell.swift; sourceTree = "<group>"; };
		3F438C2D29F7B669002BE0B5 /* Month.swift */ = {isa = PBXFileReference; lastKnownFileType = sourcecode.swift; path = Month.swift; sourceTree = "<group>"; };
		3F438C2F29F7BA98002BE0B5 /* DateExtension.swift */ = {isa = PBXFileReference; lastKnownFileType = sourcecode.swift; path = DateExtension.swift; sourceTree = "<group>"; };
		3F64B3B329F23E180008A4D9 /* TabBarViewController.swift */ = {isa = PBXFileReference; lastKnownFileType = sourcecode.swift; path = TabBarViewController.swift; sourceTree = "<group>"; };
		3F770BF929F68220009FDA26 /* CategorySheetViewController.swift */ = {isa = PBXFileReference; lastKnownFileType = sourcecode.swift; path = CategorySheetViewController.swift; sourceTree = "<group>"; };
		3F770BFA29F68220009FDA26 /* CategorySheetViewController.xib */ = {isa = PBXFileReference; lastKnownFileType = file.xib; path = CategorySheetViewController.xib; sourceTree = "<group>"; };
		3FA9E64129E9346E00D8D7C1 /* Kitty.app */ = {isa = PBXFileReference; explicitFileType = wrapper.application; includeInIndex = 0; path = Kitty.app; sourceTree = BUILT_PRODUCTS_DIR; };
		3FA9E64429E9346E00D8D7C1 /* AppDelegate.swift */ = {isa = PBXFileReference; lastKnownFileType = sourcecode.swift; path = AppDelegate.swift; sourceTree = "<group>"; };
		3FA9E64629E9346E00D8D7C1 /* SceneDelegate.swift */ = {isa = PBXFileReference; lastKnownFileType = sourcecode.swift; path = SceneDelegate.swift; sourceTree = "<group>"; };
		3FA9E64829E9346E00D8D7C1 /* ViewController.swift */ = {isa = PBXFileReference; lastKnownFileType = sourcecode.swift; path = ViewController.swift; sourceTree = "<group>"; };
		3FA9E64B29E9346E00D8D7C1 /* Base */ = {isa = PBXFileReference; lastKnownFileType = file.storyboard; name = Base; path = Base.lproj/Main.storyboard; sourceTree = "<group>"; };
		3FA9E64E29E9346E00D8D7C1 /* Kitty.xcdatamodel */ = {isa = PBXFileReference; lastKnownFileType = wrapper.xcdatamodel; path = Kitty.xcdatamodel; sourceTree = "<group>"; };
		3FA9E65029E9347200D8D7C1 /* Assets.xcassets */ = {isa = PBXFileReference; lastKnownFileType = folder.assetcatalog; path = Assets.xcassets; sourceTree = "<group>"; };
		3FA9E65329E9347200D8D7C1 /* Base */ = {isa = PBXFileReference; lastKnownFileType = file.storyboard; name = Base; path = Base.lproj/LaunchScreen.storyboard; sourceTree = "<group>"; };
		3FA9E65529E9347200D8D7C1 /* Info.plist */ = {isa = PBXFileReference; lastKnownFileType = text.plist.xml; path = Info.plist; sourceTree = "<group>"; };
		3FA9E65B29E93F6100D8D7C1 /* HomeViewController.swift */ = {isa = PBXFileReference; lastKnownFileType = sourcecode.swift; path = HomeViewController.swift; sourceTree = "<group>"; };
		3FB6CCDA29F6705000C3CBE2 /* AddNewCategoryViewController.swift */ = {isa = PBXFileReference; lastKnownFileType = sourcecode.swift; path = AddNewCategoryViewController.swift; sourceTree = "<group>"; };
		3FB6CCDB29F6705000C3CBE2 /* AddNewCategoryViewController.xib */ = {isa = PBXFileReference; lastKnownFileType = file.xib; path = AddNewCategoryViewController.xib; sourceTree = "<group>"; };
		3FE3848029F62BF4007884A8 /* SettingsViewController.swift */ = {isa = PBXFileReference; lastKnownFileType = sourcecode.swift; path = SettingsViewController.swift; sourceTree = "<group>"; };
		3FE8694D2A121CF600744473 /* GoogleService-Info.plist */ = {isa = PBXFileReference; fileEncoding = 4; lastKnownFileType = text.plist.xml; path = "GoogleService-Info.plist"; sourceTree = "<group>"; };
		3FEFBAA029ECF4B50085641B /* CardTableViewCell.swift */ = {isa = PBXFileReference; lastKnownFileType = sourcecode.swift; path = CardTableViewCell.swift; sourceTree = "<group>"; };
		3FEFBAA129ECF4B50085641B /* CardTableViewCell.xib */ = {isa = PBXFileReference; lastKnownFileType = file.xib; path = CardTableViewCell.xib; sourceTree = "<group>"; };
		3FEFBAA429ECF6210085641B /* ItemCollectionViewCell.swift */ = {isa = PBXFileReference; lastKnownFileType = sourcecode.swift; path = ItemCollectionViewCell.swift; sourceTree = "<group>"; };
		3FEFBAA529ECF6210085641B /* ItemCollectionViewCell.xib */ = {isa = PBXFileReference; lastKnownFileType = file.xib; path = ItemCollectionViewCell.xib; sourceTree = "<group>"; };
		3FEFBAA829ECF8040085641B /* Item.swift */ = {isa = PBXFileReference; lastKnownFileType = sourcecode.swift; path = Item.swift; sourceTree = "<group>"; };
		3FEFBAAA29ECFBE40085641B /* History.swift */ = {isa = PBXFileReference; lastKnownFileType = sourcecode.swift; path = History.swift; sourceTree = "<group>"; };
		3FEFBAAD29ECFD410085641B /* MainViewModel.swift */ = {isa = PBXFileReference; lastKnownFileType = sourcecode.swift; path = MainViewModel.swift; sourceTree = "<group>"; };
		3FF9E16B29F11CBE00FFDDE9 /* ReportViewController.swift */ = {isa = PBXFileReference; lastKnownFileType = sourcecode.swift; path = ReportViewController.swift; sourceTree = "<group>"; };
		7E3FD0B8C8890138E1290C7E /* Pods-Kitty.release.xcconfig */ = {isa = PBXFileReference; includeInIndex = 1; lastKnownFileType = text.xcconfig; name = "Pods-Kitty.release.xcconfig"; path = "Target Support Files/Pods-Kitty/Pods-Kitty.release.xcconfig"; sourceTree = "<group>"; };
		932AB51646B8E5E529DBB01E /* Pods_Kitty.framework */ = {isa = PBXFileReference; explicitFileType = wrapper.framework; includeInIndex = 0; path = Pods_Kitty.framework; sourceTree = BUILT_PRODUCTS_DIR; };
		F1BCAF7D4C0A74E460F5F02F /* Pods-Kitty.debug.xcconfig */ = {isa = PBXFileReference; includeInIndex = 1; lastKnownFileType = text.xcconfig; name = "Pods-Kitty.debug.xcconfig"; path = "Target Support Files/Pods-Kitty/Pods-Kitty.debug.xcconfig"; sourceTree = "<group>"; };
/* End PBXFileReference section */

/* Begin PBXFrameworksBuildPhase section */
		3FA9E63E29E9346D00D8D7C1 /* Frameworks */ = {
			isa = PBXFrameworksBuildPhase;
			buildActionMask = 2147483647;
			files = (
				3FE869572A121DC800744473 /* FirebaseDatabaseSwift in Frameworks */,
				3F1D5BD729F65E5600618D7A /* OrderedCollections in Frameworks */,
				3FE8694C2A121C9A00744473 /* GoogleSignInSwift in Frameworks */,
				81F3DE7A7E4BF91F6F29295D /* Pods_Kitty.framework in Frameworks */,
				3FE869512A121DC800744473 /* FirebaseAuth in Frameworks */,
				3FE869552A121DC800744473 /* FirebaseDatabase in Frameworks */,
				3FE8694A2A121C9A00744473 /* GoogleSignIn in Frameworks */,
				3FE869592A121DC800744473 /* FirebaseFirestore in Frameworks */,
				3FE869532A121DC800744473 /* FirebaseAuthCombine-Community in Frameworks */,
				3FE8695B2A121DC800744473 /* FirebaseFirestoreSwift in Frameworks */,
			);
			runOnlyForDeploymentPostprocessing = 0;
		};
/* End PBXFrameworksBuildPhase section */

/* Begin PBXGroup section */
		02CE001DAEE2552D9177769F /* Pods */ = {
			isa = PBXGroup;
			children = (
				F1BCAF7D4C0A74E460F5F02F /* Pods-Kitty.debug.xcconfig */,
				7E3FD0B8C8890138E1290C7E /* Pods-Kitty.release.xcconfig */,
			);
			path = Pods;
			sourceTree = "<group>";
		};
		3F09392A243ACAE164F7FD4B /* Frameworks */ = {
			isa = PBXGroup;
			children = (
				932AB51646B8E5E529DBB01E /* Pods_Kitty.framework */,
			);
			name = Frameworks;
			sourceTree = "<group>";
		};
		3F15B78729FA5A7600616FB5 /* HomeView */ = {
			isa = PBXGroup;
			children = (
				3FA9E65B29E93F6100D8D7C1 /* HomeViewController.swift */,
				3F15B78829FA5B0000616FB5 /* HomeViewModel.swift */,
			);
			path = HomeView;
			sourceTree = "<group>";
		};
		3F15B78D29FA6E4C00616FB5 /* Add New Category View */ = {
			isa = PBXGroup;
			children = (
				3FB6CCDA29F6705000C3CBE2 /* AddNewCategoryViewController.swift */,
				3FB6CCDB29F6705000C3CBE2 /* AddNewCategoryViewController.xib */,
				3F15B78E29FA6E6000616FB5 /* AddNewCategoryViewModel.swift */,
			);
			path = "Add New Category View";
			sourceTree = "<group>";
		};
		3F15B79029FA749B00616FB5 /* Add New */ = {
			isa = PBXGroup;
			children = (
				3F16DE1129F0DC1500AE7C83 /* AddNewViewController.swift */,
				3F16DE1229F0DC1500AE7C83 /* AddNewViewController.xib */,
				3F15B79129FA74BF00616FB5 /* AddNewViewModel.swift */,
			);
			path = "Add New";
			sourceTree = "<group>";
		};
		3F15B79329FA787100616FB5 /* SheetView */ = {
			isa = PBXGroup;
			children = (
				3F0E3CAF29F0E880009BF311 /* SheetViewController.swift */,
				3F0E3CB029F0E880009BF311 /* SheetViewController.xib */,
				3F15B79429FA789400616FB5 /* SheetViewModel.swift */,
			);
			path = SheetView;
			sourceTree = "<group>";
		};
		3F15B79629FA7C4E00616FB5 /* Category Sheet View */ = {
			isa = PBXGroup;
			children = (
				3F770BF929F68220009FDA26 /* CategorySheetViewController.swift */,
				3F770BFA29F68220009FDA26 /* CategorySheetViewController.xib */,
				3F15B79729FA7C6B00616FB5 /* CategorySheetViewModel.swift */,
			);
			path = "Category Sheet View";
			sourceTree = "<group>";
		};
		3F3064CB29ECE6AD00EF5485 /* Extension */ = {
			isa = PBXGroup;
			children = (
				3F3064CC29ECE6C100EF5485 /* UIViewExtension.swift */,
				3F438C2F29F7BA98002BE0B5 /* DateExtension.swift */,
			);
			path = Extension;
			sourceTree = "<group>";
		};
		3F3B5E6E2A15D72E003C1AF9 /* Realm Database */ = {
			isa = PBXGroup;
			children = (
				3F3B5E6F2A15D741003C1AF9 /* RealmDatabase.swift */,
			);
			path = "Realm Database";
			sourceTree = "<group>";
		};
		3F3B5E712A162C50003C1AF9 /* Month View */ = {
			isa = PBXGroup;
			children = (
				3F0DCE3E29F78D7A00C47FC6 /* MonthViewController.swift */,
				3F0DCE3F29F78D7A00C47FC6 /* MonthViewController.xib */,
			);
			path = "Month View";
			sourceTree = "<group>";
		};
		3F3B5E762A17149E003C1AF9 /* Manage Categories */ = {
			isa = PBXGroup;
			children = (
				3F3B5E742A1713E8003C1AF9 /* ManageCategoriesViewController.swift */,
				3F3B5E772A171630003C1AF9 /* ManageCategoriesViewModel.swift */,
				3F3B5E792A171F03003C1AF9 /* ManageCategoriesTableViewCell.swift */,
			);
			path = "Manage Categories";
			sourceTree = "<group>";
		};
		3F3FDB4629FA83FE0052BE93 /* Report View */ = {
			isa = PBXGroup;
			children = (
				3FF9E16B29F11CBE00FFDDE9 /* ReportViewController.swift */,
				3F3FDB4729FA84120052BE93 /* ReportViewModel.swift */,
			);
			path = "Report View";
			sourceTree = "<group>";
		};
		3F438C2629F7A7C3002BE0B5 /* Cell */ = {
			isa = PBXGroup;
			children = (
				3F438C2929F7A8E9002BE0B5 /* ButtonCollectionViewCell.swift */,
				3F3FDB4429FA83CA0052BE93 /* ButtonCollectionViewCell.xib */,
				3FEFBAA029ECF4B50085641B /* CardTableViewCell.swift */,
				3FEFBAA129ECF4B50085641B /* CardTableViewCell.xib */,
				3FEFBAA429ECF6210085641B /* ItemCollectionViewCell.swift */,
				3FEFBAA529ECF6210085641B /* ItemCollectionViewCell.xib */,
				3F0E3CB329F0EC29009BF311 /* CategoryCollectionViewCell.swift */,
				3F0E3CB429F0EC29009BF311 /* CategoryCollectionViewCell.xib */,
			);
			path = Cell;
			sourceTree = "<group>";
		};
		3F438C2729F7A7E5002BE0B5 /* TabBar View */ = {
			isa = PBXGroup;
			children = (
				3F64B3B329F23E180008A4D9 /* TabBarViewController.swift */,
				3FEFBAAD29ECFD410085641B /* MainViewModel.swift */,
				3FE3848029F62BF4007884A8 /* SettingsViewController.swift */,
			);
			path = "TabBar View";
			sourceTree = "<group>";
		};
		3F438C2829F7A821002BE0B5 /* Component */ = {
			isa = PBXGroup;
			children = (
				3F3B5E762A17149E003C1AF9 /* Manage Categories */,
				3F3B5E712A162C50003C1AF9 /* Month View */,
				3F3FDB4629FA83FE0052BE93 /* Report View */,
				3FA9E64A29E9346E00D8D7C1 /* Main.storyboard */,
				3F15B78729FA5A7600616FB5 /* HomeView */,
				3F15B79029FA749B00616FB5 /* Add New */,
				3F15B79329FA787100616FB5 /* SheetView */,
				3F438C2729F7A7E5002BE0B5 /* TabBar View */,
				3F15B78D29FA6E4C00616FB5 /* Add New Category View */,
				3F15B79629FA7C4E00616FB5 /* Category Sheet View */,
			);
			path = Component;
			sourceTree = "<group>";
		};
		3FA9E63829E9346D00D8D7C1 = {
			isa = PBXGroup;
			children = (
				3FA9E64329E9346E00D8D7C1 /* Kitty */,
				3FA9E64229E9346E00D8D7C1 /* Products */,
				02CE001DAEE2552D9177769F /* Pods */,
				3F09392A243ACAE164F7FD4B /* Frameworks */,
			);
			sourceTree = "<group>";
		};
		3FA9E64229E9346E00D8D7C1 /* Products */ = {
			isa = PBXGroup;
			children = (
				3FA9E64129E9346E00D8D7C1 /* Kitty.app */,
			);
			name = Products;
			sourceTree = "<group>";
		};
		3FA9E64329E9346E00D8D7C1 /* Kitty */ = {
			isa = PBXGroup;
			children = (
				3FEFBAAF29ECFF9A0085641B /* View */,
				3FEFBA9D29ECF4990085641B /* Model */,
				3F3064CB29ECE6AD00EF5485 /* Extension */,
				3FA9E64429E9346E00D8D7C1 /* AppDelegate.swift */,
				3FA9E64629E9346E00D8D7C1 /* SceneDelegate.swift */,
				3FA9E64829E9346E00D8D7C1 /* ViewController.swift */,
				3FA9E65229E9347200D8D7C1 /* LaunchScreen.storyboard */,
				3FA9E65029E9347200D8D7C1 /* Assets.xcassets */,
				3FA9E65529E9347200D8D7C1 /* Info.plist */,
				3FE8694D2A121CF600744473 /* GoogleService-Info.plist */,
				3FA9E64D29E9346E00D8D7C1 /* Kitty.xcdatamodeld */,
			);
			path = Kitty;
			sourceTree = "<group>";
		};
		3FEFBA9D29ECF4990085641B /* Model */ = {
			isa = PBXGroup;
			children = (
				3FEFBAA829ECF8040085641B /* Item.swift */,
				3FEFBAAA29ECFBE40085641B /* History.swift */,
				3F0E3CB729F0EF39009BF311 /* Category.swift */,
				3F438C2D29F7B669002BE0B5 /* Month.swift */,
				3F34672B2A0891DB005DA94F /* Icon.swift */,
			);
			path = Model;
			sourceTree = "<group>";
		};
		3FEFBAAF29ECFF9A0085641B /* View */ = {
			isa = PBXGroup;
			children = (
				3F3B5E6E2A15D72E003C1AF9 /* Realm Database */,
				3F438C2829F7A821002BE0B5 /* Component */,
				3F438C2629F7A7C3002BE0B5 /* Cell */,
			);
			path = View;
			sourceTree = "<group>";
		};
/* End PBXGroup section */

/* Begin PBXNativeTarget section */
		3FA9E64029E9346D00D8D7C1 /* Kitty */ = {
			isa = PBXNativeTarget;
			buildConfigurationList = 3FA9E65829E9347200D8D7C1 /* Build configuration list for PBXNativeTarget "Kitty" */;
			buildPhases = (
				4702CAC9D08BEAC8905175E7 /* [CP] Check Pods Manifest.lock */,
				3FA9E63D29E9346D00D8D7C1 /* Sources */,
				3FA9E63E29E9346D00D8D7C1 /* Frameworks */,
				3FA9E63F29E9346D00D8D7C1 /* Resources */,
				6AAD81623745956583A61A95 /* [CP] Embed Pods Frameworks */,
			);
			buildRules = (
			);
			dependencies = (
			);
			name = Kitty;
			packageProductDependencies = (
				3F1D5BD629F65E5600618D7A /* OrderedCollections */,
				3FE869492A121C9A00744473 /* GoogleSignIn */,
				3FE8694B2A121C9A00744473 /* GoogleSignInSwift */,
				3FE869502A121DC800744473 /* FirebaseAuth */,
				3FE869522A121DC800744473 /* FirebaseAuthCombine-Community */,
				3FE869542A121DC800744473 /* FirebaseDatabase */,
				3FE869562A121DC800744473 /* FirebaseDatabaseSwift */,
				3FE869582A121DC800744473 /* FirebaseFirestore */,
				3FE8695A2A121DC800744473 /* FirebaseFirestoreSwift */,
			);
			productName = Kitty;
			productReference = 3FA9E64129E9346E00D8D7C1 /* Kitty.app */;
			productType = "com.apple.product-type.application";
		};
/* End PBXNativeTarget section */

/* Begin PBXProject section */
		3FA9E63929E9346D00D8D7C1 /* Project object */ = {
			isa = PBXProject;
			attributes = {
				BuildIndependentTargetsInParallel = 1;
				LastSwiftUpdateCheck = 1420;
				LastUpgradeCheck = 1420;
				TargetAttributes = {
					3FA9E64029E9346D00D8D7C1 = {
						CreatedOnToolsVersion = 14.2;
					};
				};
			};
			buildConfigurationList = 3FA9E63C29E9346D00D8D7C1 /* Build configuration list for PBXProject "Kitty" */;
			compatibilityVersion = "Xcode 14.0";
			developmentRegion = en;
			hasScannedForEncodings = 0;
			knownRegions = (
				en,
				Base,
			);
			mainGroup = 3FA9E63829E9346D00D8D7C1;
			packageReferences = (
				3F1D5BD529F65E5600618D7A /* XCRemoteSwiftPackageReference "swift-collections" */,
				3FE869482A121C9A00744473 /* XCRemoteSwiftPackageReference "GoogleSignIn-iOS" */,
				3FE8694F2A121DC800744473 /* XCRemoteSwiftPackageReference "firebase-ios-sdk" */,
			);
			productRefGroup = 3FA9E64229E9346E00D8D7C1 /* Products */;
			projectDirPath = "";
			projectRoot = "";
			targets = (
				3FA9E64029E9346D00D8D7C1 /* Kitty */,
			);
		};
/* End PBXProject section */

/* Begin PBXResourcesBuildPhase section */
		3FA9E63F29E9346D00D8D7C1 /* Resources */ = {
			isa = PBXResourcesBuildPhase;
			buildActionMask = 2147483647;
			files = (
				3FE8694E2A121CF600744473 /* GoogleService-Info.plist in Resources */,
				3FA9E65429E9347200D8D7C1 /* LaunchScreen.storyboard in Resources */,
				3FA9E65129E9347200D8D7C1 /* Assets.xcassets in Resources */,
				3FEFBAA729ECF6210085641B /* ItemCollectionViewCell.xib in Resources */,
				3FA9E64C29E9346E00D8D7C1 /* Main.storyboard in Resources */,
				3F0E3CB629F0EC29009BF311 /* CategoryCollectionViewCell.xib in Resources */,
				3FEFBAA329ECF4B50085641B /* CardTableViewCell.xib in Resources */,
				3F770BFC29F68220009FDA26 /* CategorySheetViewController.xib in Resources */,
				3F0DCE4129F78D7A00C47FC6 /* MonthViewController.xib in Resources */,
				3F3FDB4529FA83CA0052BE93 /* ButtonCollectionViewCell.xib in Resources */,
				3F0E3CB229F0E880009BF311 /* SheetViewController.xib in Resources */,
				3F16DE1429F0DC1500AE7C83 /* AddNewViewController.xib in Resources */,
				3FB6CCDD29F6705000C3CBE2 /* AddNewCategoryViewController.xib in Resources */,
			);
			runOnlyForDeploymentPostprocessing = 0;
		};
/* End PBXResourcesBuildPhase section */

/* Begin PBXShellScriptBuildPhase section */
		4702CAC9D08BEAC8905175E7 /* [CP] Check Pods Manifest.lock */ = {
			isa = PBXShellScriptBuildPhase;
			buildActionMask = 2147483647;
			files = (
			);
			inputFileListPaths = (
			);
			inputPaths = (
				"${PODS_PODFILE_DIR_PATH}/Podfile.lock",
				"${PODS_ROOT}/Manifest.lock",
			);
			name = "[CP] Check Pods Manifest.lock";
			outputFileListPaths = (
			);
			outputPaths = (
				"$(DERIVED_FILE_DIR)/Pods-Kitty-checkManifestLockResult.txt",
			);
			runOnlyForDeploymentPostprocessing = 0;
			shellPath = /bin/sh;
			shellScript = "diff \"${PODS_PODFILE_DIR_PATH}/Podfile.lock\" \"${PODS_ROOT}/Manifest.lock\" > /dev/null\nif [ $? != 0 ] ; then\n    # print error to STDERR\n    echo \"error: The sandbox is not in sync with the Podfile.lock. Run 'pod install' or update your CocoaPods installation.\" >&2\n    exit 1\nfi\n# This output is used by Xcode 'outputs' to avoid re-running this script phase.\necho \"SUCCESS\" > \"${SCRIPT_OUTPUT_FILE_0}\"\n";
			showEnvVarsInLog = 0;
		};
		6AAD81623745956583A61A95 /* [CP] Embed Pods Frameworks */ = {
			isa = PBXShellScriptBuildPhase;
			buildActionMask = 2147483647;
			files = (
			);
			inputFileListPaths = (
				"${PODS_ROOT}/Target Support Files/Pods-Kitty/Pods-Kitty-frameworks-${CONFIGURATION}-input-files.xcfilelist",
			);
			name = "[CP] Embed Pods Frameworks";
			outputFileListPaths = (
				"${PODS_ROOT}/Target Support Files/Pods-Kitty/Pods-Kitty-frameworks-${CONFIGURATION}-output-files.xcfilelist",
			);
			runOnlyForDeploymentPostprocessing = 0;
			shellPath = /bin/sh;
			shellScript = "\"${PODS_ROOT}/Target Support Files/Pods-Kitty/Pods-Kitty-frameworks.sh\"\n";
			showEnvVarsInLog = 0;
		};
/* End PBXShellScriptBuildPhase section */

/* Begin PBXSourcesBuildPhase section */
		3FA9E63D29E9346D00D8D7C1 /* Sources */ = {
			isa = PBXSourcesBuildPhase;
			buildActionMask = 2147483647;
			files = (
				3F770BFB29F68220009FDA26 /* CategorySheetViewController.swift in Sources */,
				3F438C3029F7BA98002BE0B5 /* DateExtension.swift in Sources */,
				3FEFBAA929ECF8040085641B /* Item.swift in Sources */,
				3F15B78929FA5B0000616FB5 /* HomeViewModel.swift in Sources */,
				3F15B79229FA74BF00616FB5 /* AddNewViewModel.swift in Sources */,
				3F0E3CB529F0EC29009BF311 /* CategoryCollectionViewCell.swift in Sources */,
				3F15B79529FA789400616FB5 /* SheetViewModel.swift in Sources */,
				3F3064CD29ECE6C100EF5485 /* UIViewExtension.swift in Sources */,
				3F64B3B429F23E190008A4D9 /* TabBarViewController.swift in Sources */,
				3F15B79829FA7C6B00616FB5 /* CategorySheetViewModel.swift in Sources */,
				3FB6CCDC29F6705000C3CBE2 /* AddNewCategoryViewController.swift in Sources */,
				3FE3848129F62BF4007884A8 /* SettingsViewController.swift in Sources */,
				3F3B5E7A2A171F03003C1AF9 /* ManageCategoriesTableViewCell.swift in Sources */,
				3F16DE1329F0DC1500AE7C83 /* AddNewViewController.swift in Sources */,
				3F0E3CB129F0E880009BF311 /* SheetViewController.swift in Sources */,
				3FEFBAAB29ECFBE40085641B /* History.swift in Sources */,
				3F34672C2A0891DB005DA94F /* Icon.swift in Sources */,
				3F438C2B29F7A8E9002BE0B5 /* ButtonCollectionViewCell.swift in Sources */,
				3FF9E16C29F11CBE00FFDDE9 /* ReportViewController.swift in Sources */,
				3F3B5E782A171630003C1AF9 /* ManageCategoriesViewModel.swift in Sources */,
				3F0E3CB829F0EF39009BF311 /* Category.swift in Sources */,
				3F3B5E752A1713E9003C1AF9 /* ManageCategoriesViewController.swift in Sources */,
				3F438C2E29F7B669002BE0B5 /* Month.swift in Sources */,
				3F3B5E702A15D741003C1AF9 /* RealmDatabase.swift in Sources */,
				3FA9E65C29E93F6200D8D7C1 /* HomeViewController.swift in Sources */,
				3FEFBAA629ECF6210085641B /* ItemCollectionViewCell.swift in Sources */,
				3F0DCE4029F78D7A00C47FC6 /* MonthViewController.swift in Sources */,
				3FA9E64929E9346E00D8D7C1 /* ViewController.swift in Sources */,
				3FEFBAAE29ECFD410085641B /* MainViewModel.swift in Sources */,
				3F3FDB4829FA84120052BE93 /* ReportViewModel.swift in Sources */,
				3FA9E64529E9346E00D8D7C1 /* AppDelegate.swift in Sources */,
				3FA9E64729E9346E00D8D7C1 /* SceneDelegate.swift in Sources */,
				3F15B78F29FA6E6000616FB5 /* AddNewCategoryViewModel.swift in Sources */,
				3FA9E64F29E9346E00D8D7C1 /* Kitty.xcdatamodeld in Sources */,
				3FEFBAA229ECF4B50085641B /* CardTableViewCell.swift in Sources */,
			);
			runOnlyForDeploymentPostprocessing = 0;
		};
/* End PBXSourcesBuildPhase section */

/* Begin PBXVariantGroup section */
		3FA9E64A29E9346E00D8D7C1 /* Main.storyboard */ = {
			isa = PBXVariantGroup;
			children = (
				3FA9E64B29E9346E00D8D7C1 /* Base */,
			);
			name = Main.storyboard;
			sourceTree = "<group>";
		};
		3FA9E65229E9347200D8D7C1 /* LaunchScreen.storyboard */ = {
			isa = PBXVariantGroup;
			children = (
				3FA9E65329E9347200D8D7C1 /* Base */,
			);
			name = LaunchScreen.storyboard;
			sourceTree = "<group>";
		};
/* End PBXVariantGroup section */

/* Begin XCBuildConfiguration section */
		3FA9E65629E9347200D8D7C1 /* Debug */ = {
			isa = XCBuildConfiguration;
			buildSettings = {
				ALWAYS_SEARCH_USER_PATHS = NO;
				CLANG_ANALYZER_NONNULL = YES;
				CLANG_ANALYZER_NUMBER_OBJECT_CONVERSION = YES_AGGRESSIVE;
				CLANG_CXX_LANGUAGE_STANDARD = "gnu++20";
				CLANG_ENABLE_MODULES = YES;
				CLANG_ENABLE_OBJC_ARC = YES;
				CLANG_ENABLE_OBJC_WEAK = YES;
				CLANG_WARN_BLOCK_CAPTURE_AUTORELEASING = YES;
				CLANG_WARN_BOOL_CONVERSION = YES;
				CLANG_WARN_COMMA = YES;
				CLANG_WARN_CONSTANT_CONVERSION = YES;
				CLANG_WARN_DEPRECATED_OBJC_IMPLEMENTATIONS = YES;
				CLANG_WARN_DIRECT_OBJC_ISA_USAGE = YES_ERROR;
				CLANG_WARN_DOCUMENTATION_COMMENTS = YES;
				CLANG_WARN_EMPTY_BODY = YES;
				CLANG_WARN_ENUM_CONVERSION = YES;
				CLANG_WARN_INFINITE_RECURSION = YES;
				CLANG_WARN_INT_CONVERSION = YES;
				CLANG_WARN_NON_LITERAL_NULL_CONVERSION = YES;
				CLANG_WARN_OBJC_IMPLICIT_RETAIN_SELF = YES;
				CLANG_WARN_OBJC_LITERAL_CONVERSION = YES;
				CLANG_WARN_OBJC_ROOT_CLASS = YES_ERROR;
				CLANG_WARN_QUOTED_INCLUDE_IN_FRAMEWORK_HEADER = YES;
				CLANG_WARN_RANGE_LOOP_ANALYSIS = YES;
				CLANG_WARN_STRICT_PROTOTYPES = YES;
				CLANG_WARN_SUSPICIOUS_MOVE = YES;
				CLANG_WARN_UNGUARDED_AVAILABILITY = YES_AGGRESSIVE;
				CLANG_WARN_UNREACHABLE_CODE = YES;
				CLANG_WARN__DUPLICATE_METHOD_MATCH = YES;
				COPY_PHASE_STRIP = NO;
				DEBUG_INFORMATION_FORMAT = dwarf;
				ENABLE_STRICT_OBJC_MSGSEND = YES;
				ENABLE_TESTABILITY = YES;
				GCC_C_LANGUAGE_STANDARD = gnu11;
				GCC_DYNAMIC_NO_PIC = NO;
				GCC_NO_COMMON_BLOCKS = YES;
				GCC_OPTIMIZATION_LEVEL = 0;
				GCC_PREPROCESSOR_DEFINITIONS = (
					"DEBUG=1",
					"$(inherited)",
				);
				GCC_WARN_64_TO_32_BIT_CONVERSION = YES;
				GCC_WARN_ABOUT_RETURN_TYPE = YES_ERROR;
				GCC_WARN_UNDECLARED_SELECTOR = YES;
				GCC_WARN_UNINITIALIZED_AUTOS = YES_AGGRESSIVE;
				GCC_WARN_UNUSED_FUNCTION = YES;
				GCC_WARN_UNUSED_VARIABLE = YES;
				IPHONEOS_DEPLOYMENT_TARGET = 16.2;
				MTL_ENABLE_DEBUG_INFO = INCLUDE_SOURCE;
				MTL_FAST_MATH = YES;
				ONLY_ACTIVE_ARCH = YES;
				SDKROOT = iphoneos;
				SWIFT_ACTIVE_COMPILATION_CONDITIONS = DEBUG;
				SWIFT_OPTIMIZATION_LEVEL = "-Onone";
			};
			name = Debug;
		};
		3FA9E65729E9347200D8D7C1 /* Release */ = {
			isa = XCBuildConfiguration;
			buildSettings = {
				ALWAYS_SEARCH_USER_PATHS = NO;
				CLANG_ANALYZER_NONNULL = YES;
				CLANG_ANALYZER_NUMBER_OBJECT_CONVERSION = YES_AGGRESSIVE;
				CLANG_CXX_LANGUAGE_STANDARD = "gnu++20";
				CLANG_ENABLE_MODULES = YES;
				CLANG_ENABLE_OBJC_ARC = YES;
				CLANG_ENABLE_OBJC_WEAK = YES;
				CLANG_WARN_BLOCK_CAPTURE_AUTORELEASING = YES;
				CLANG_WARN_BOOL_CONVERSION = YES;
				CLANG_WARN_COMMA = YES;
				CLANG_WARN_CONSTANT_CONVERSION = YES;
				CLANG_WARN_DEPRECATED_OBJC_IMPLEMENTATIONS = YES;
				CLANG_WARN_DIRECT_OBJC_ISA_USAGE = YES_ERROR;
				CLANG_WARN_DOCUMENTATION_COMMENTS = YES;
				CLANG_WARN_EMPTY_BODY = YES;
				CLANG_WARN_ENUM_CONVERSION = YES;
				CLANG_WARN_INFINITE_RECURSION = YES;
				CLANG_WARN_INT_CONVERSION = YES;
				CLANG_WARN_NON_LITERAL_NULL_CONVERSION = YES;
				CLANG_WARN_OBJC_IMPLICIT_RETAIN_SELF = YES;
				CLANG_WARN_OBJC_LITERAL_CONVERSION = YES;
				CLANG_WARN_OBJC_ROOT_CLASS = YES_ERROR;
				CLANG_WARN_QUOTED_INCLUDE_IN_FRAMEWORK_HEADER = YES;
				CLANG_WARN_RANGE_LOOP_ANALYSIS = YES;
				CLANG_WARN_STRICT_PROTOTYPES = YES;
				CLANG_WARN_SUSPICIOUS_MOVE = YES;
				CLANG_WARN_UNGUARDED_AVAILABILITY = YES_AGGRESSIVE;
				CLANG_WARN_UNREACHABLE_CODE = YES;
				CLANG_WARN__DUPLICATE_METHOD_MATCH = YES;
				COPY_PHASE_STRIP = NO;
				DEBUG_INFORMATION_FORMAT = "dwarf-with-dsym";
				ENABLE_NS_ASSERTIONS = NO;
				ENABLE_STRICT_OBJC_MSGSEND = YES;
				GCC_C_LANGUAGE_STANDARD = gnu11;
				GCC_NO_COMMON_BLOCKS = YES;
				GCC_WARN_64_TO_32_BIT_CONVERSION = YES;
				GCC_WARN_ABOUT_RETURN_TYPE = YES_ERROR;
				GCC_WARN_UNDECLARED_SELECTOR = YES;
				GCC_WARN_UNINITIALIZED_AUTOS = YES_AGGRESSIVE;
				GCC_WARN_UNUSED_FUNCTION = YES;
				GCC_WARN_UNUSED_VARIABLE = YES;
				IPHONEOS_DEPLOYMENT_TARGET = 16.2;
				MTL_ENABLE_DEBUG_INFO = NO;
				MTL_FAST_MATH = YES;
				SDKROOT = iphoneos;
				SWIFT_COMPILATION_MODE = wholemodule;
				SWIFT_OPTIMIZATION_LEVEL = "-O";
				VALIDATE_PRODUCT = YES;
			};
			name = Release;
		};
		3FA9E65929E9347200D8D7C1 /* Debug */ = {
			isa = XCBuildConfiguration;
			baseConfigurationReference = F1BCAF7D4C0A74E460F5F02F /* Pods-Kitty.debug.xcconfig */;
			buildSettings = {
				ASSETCATALOG_COMPILER_APPICON_NAME = AppIcon;
				ASSETCATALOG_COMPILER_GLOBAL_ACCENT_COLOR_NAME = AccentColor;
				CODE_SIGN_STYLE = Automatic;
				CURRENT_PROJECT_VERSION = 1;
				DEVELOPMENT_TEAM = 4AQLK4VT6N;
				GENERATE_INFOPLIST_FILE = YES;
				INFOPLIST_FILE = Kitty/Info.plist;
				INFOPLIST_KEY_UIApplicationSupportsIndirectInputEvents = YES;
				INFOPLIST_KEY_UILaunchStoryboardName = LaunchScreen;
				INFOPLIST_KEY_UIMainStoryboardFile = Main;
				INFOPLIST_KEY_UISupportedInterfaceOrientations_iPad = "UIInterfaceOrientationPortrait UIInterfaceOrientationPortraitUpsideDown UIInterfaceOrientationLandscapeLeft UIInterfaceOrientationLandscapeRight";
				INFOPLIST_KEY_UISupportedInterfaceOrientations_iPhone = "UIInterfaceOrientationPortrait UIInterfaceOrientationLandscapeLeft UIInterfaceOrientationLandscapeRight";
				LD_RUNPATH_SEARCH_PATHS = (
					"$(inherited)",
					"@executable_path/Frameworks",
				);
				MARKETING_VERSION = 1.0;
				PRODUCT_BUNDLE_IDENTIFIER = com.phithai;
				PRODUCT_NAME = "$(TARGET_NAME)";
				SWIFT_EMIT_LOC_STRINGS = YES;
				SWIFT_VERSION = 5.0;
				TARGETED_DEVICE_FAMILY = "1,2";
			};
			name = Debug;
		};
		3FA9E65A29E9347200D8D7C1 /* Release */ = {
			isa = XCBuildConfiguration;
			baseConfigurationReference = 7E3FD0B8C8890138E1290C7E /* Pods-Kitty.release.xcconfig */;
			buildSettings = {
				ASSETCATALOG_COMPILER_APPICON_NAME = AppIcon;
				ASSETCATALOG_COMPILER_GLOBAL_ACCENT_COLOR_NAME = AccentColor;
				CODE_SIGN_STYLE = Automatic;
				CURRENT_PROJECT_VERSION = 1;
				DEVELOPMENT_TEAM = 4AQLK4VT6N;
				GENERATE_INFOPLIST_FILE = YES;
				INFOPLIST_FILE = Kitty/Info.plist;
				INFOPLIST_KEY_UIApplicationSupportsIndirectInputEvents = YES;
				INFOPLIST_KEY_UILaunchStoryboardName = LaunchScreen;
				INFOPLIST_KEY_UIMainStoryboardFile = Main;
				INFOPLIST_KEY_UISupportedInterfaceOrientations_iPad = "UIInterfaceOrientationPortrait UIInterfaceOrientationPortraitUpsideDown UIInterfaceOrientationLandscapeLeft UIInterfaceOrientationLandscapeRight";
				INFOPLIST_KEY_UISupportedInterfaceOrientations_iPhone = "UIInterfaceOrientationPortrait UIInterfaceOrientationLandscapeLeft UIInterfaceOrientationLandscapeRight";
				LD_RUNPATH_SEARCH_PATHS = (
					"$(inherited)",
					"@executable_path/Frameworks",
				);
				MARKETING_VERSION = 1.0;
				PRODUCT_BUNDLE_IDENTIFIER = com.phithai;
				PRODUCT_NAME = "$(TARGET_NAME)";
				SWIFT_EMIT_LOC_STRINGS = YES;
				SWIFT_VERSION = 5.0;
				TARGETED_DEVICE_FAMILY = "1,2";
			};
			name = Release;
		};
/* End XCBuildConfiguration section */

/* Begin XCConfigurationList section */
		3FA9E63C29E9346D00D8D7C1 /* Build configuration list for PBXProject "Kitty" */ = {
			isa = XCConfigurationList;
			buildConfigurations = (
				3FA9E65629E9347200D8D7C1 /* Debug */,
				3FA9E65729E9347200D8D7C1 /* Release */,
			);
			defaultConfigurationIsVisible = 0;
			defaultConfigurationName = Release;
		};
		3FA9E65829E9347200D8D7C1 /* Build configuration list for PBXNativeTarget "Kitty" */ = {
			isa = XCConfigurationList;
			buildConfigurations = (
				3FA9E65929E9347200D8D7C1 /* Debug */,
				3FA9E65A29E9347200D8D7C1 /* Release */,
			);
			defaultConfigurationIsVisible = 0;
			defaultConfigurationName = Release;
		};
/* End XCConfigurationList section */

/* Begin XCRemoteSwiftPackageReference section */
		3F1D5BD529F65E5600618D7A /* XCRemoteSwiftPackageReference "swift-collections" */ = {
			isa = XCRemoteSwiftPackageReference;
			repositoryURL = "https://github.com/apple/swift-collections.git";
			requirement = {
				kind = upToNextMajorVersion;
				minimumVersion = 1.0.0;
			};
		};
		3FE869482A121C9A00744473 /* XCRemoteSwiftPackageReference "GoogleSignIn-iOS" */ = {
			isa = XCRemoteSwiftPackageReference;
			repositoryURL = "https://github.com/google/GoogleSignIn-iOS";
			requirement = {
				kind = upToNextMajorVersion;
				minimumVersion = 7.0.0;
			};
		};
		3FE8694F2A121DC800744473 /* XCRemoteSwiftPackageReference "firebase-ios-sdk" */ = {
			isa = XCRemoteSwiftPackageReference;
			repositoryURL = "https://github.com/firebase/firebase-ios-sdk";
			requirement = {
				kind = upToNextMajorVersion;
				minimumVersion = 10.0.0;
			};
		};
/* End XCRemoteSwiftPackageReference section */

/* Begin XCSwiftPackageProductDependency section */
		3F1D5BD629F65E5600618D7A /* OrderedCollections */ = {
			isa = XCSwiftPackageProductDependency;
			package = 3F1D5BD529F65E5600618D7A /* XCRemoteSwiftPackageReference "swift-collections" */;
			productName = OrderedCollections;
		};
		3FE869492A121C9A00744473 /* GoogleSignIn */ = {
			isa = XCSwiftPackageProductDependency;
			package = 3FE869482A121C9A00744473 /* XCRemoteSwiftPackageReference "GoogleSignIn-iOS" */;
			productName = GoogleSignIn;
		};
		3FE8694B2A121C9A00744473 /* GoogleSignInSwift */ = {
			isa = XCSwiftPackageProductDependency;
			package = 3FE869482A121C9A00744473 /* XCRemoteSwiftPackageReference "GoogleSignIn-iOS" */;
			productName = GoogleSignInSwift;
		};
		3FE869502A121DC800744473 /* FirebaseAuth */ = {
			isa = XCSwiftPackageProductDependency;
			package = 3FE8694F2A121DC800744473 /* XCRemoteSwiftPackageReference "firebase-ios-sdk" */;
			productName = FirebaseAuth;
		};
		3FE869522A121DC800744473 /* FirebaseAuthCombine-Community */ = {
			isa = XCSwiftPackageProductDependency;
			package = 3FE8694F2A121DC800744473 /* XCRemoteSwiftPackageReference "firebase-ios-sdk" */;
			productName = "FirebaseAuthCombine-Community";
		};
		3FE869542A121DC800744473 /* FirebaseDatabase */ = {
			isa = XCSwiftPackageProductDependency;
			package = 3FE8694F2A121DC800744473 /* XCRemoteSwiftPackageReference "firebase-ios-sdk" */;
			productName = FirebaseDatabase;
		};
		3FE869562A121DC800744473 /* FirebaseDatabaseSwift */ = {
			isa = XCSwiftPackageProductDependency;
			package = 3FE8694F2A121DC800744473 /* XCRemoteSwiftPackageReference "firebase-ios-sdk" */;
			productName = FirebaseDatabaseSwift;
		};
		3FE869582A121DC800744473 /* FirebaseFirestore */ = {
			isa = XCSwiftPackageProductDependency;
			package = 3FE8694F2A121DC800744473 /* XCRemoteSwiftPackageReference "firebase-ios-sdk" */;
			productName = FirebaseFirestore;
		};
		3FE8695A2A121DC800744473 /* FirebaseFirestoreSwift */ = {
			isa = XCSwiftPackageProductDependency;
			package = 3FE8694F2A121DC800744473 /* XCRemoteSwiftPackageReference "firebase-ios-sdk" */;
			productName = FirebaseFirestoreSwift;
		};
/* End XCSwiftPackageProductDependency section */

/* Begin XCVersionGroup section */
		3FA9E64D29E9346E00D8D7C1 /* Kitty.xcdatamodeld */ = {
			isa = XCVersionGroup;
			children = (
				3FA9E64E29E9346E00D8D7C1 /* Kitty.xcdatamodel */,
			);
			currentVersion = 3FA9E64E29E9346E00D8D7C1 /* Kitty.xcdatamodel */;
			path = Kitty.xcdatamodeld;
			sourceTree = "<group>";
			versionGroupType = wrapper.xcdatamodel;
		};
/* End XCVersionGroup section */
	};
	rootObject = 3FA9E63929E9346D00D8D7C1 /* Project object */;
}
